// !$*UTF8*$!
{
	archiveVersion = 1;
	classes = {
	};
	objectVersion = 56;
	objects = {

/* Begin PBXBuildFile section */
		21A1D5272BAD9F21003377A1 /* AppDelegate.swift in Sources */ = {isa = PBXBuildFile; fileRef = 21A1D5262BAD9F21003377A1 /* AppDelegate.swift */; };
		21A1D5292BAD9F21003377A1 /* SceneDelegate.swift in Sources */ = {isa = PBXBuildFile; fileRef = 21A1D5282BAD9F21003377A1 /* SceneDelegate.swift */; };
		21A1D52B2BAD9F21003377A1 /* ViewController.swift in Sources */ = {isa = PBXBuildFile; fileRef = 21A1D52A2BAD9F21003377A1 /* ViewController.swift */; };
		21A1D52E2BAD9F21003377A1 /* Main.storyboard in Resources */ = {isa = PBXBuildFile; fileRef = 21A1D52C2BAD9F21003377A1 /* Main.storyboard */; };
		21A1D5302BAD9F23003377A1 /* Assets.xcassets in Resources */ = {isa = PBXBuildFile; fileRef = 21A1D52F2BAD9F23003377A1 /* Assets.xcassets */; };
		21A1D5332BAD9F23003377A1 /* LaunchScreen.storyboard in Resources */ = {isa = PBXBuildFile; fileRef = 21A1D5312BAD9F23003377A1 /* LaunchScreen.storyboard */; };
		21A1D53E2BAD9F23003377A1 /* TrinityWizardDemoTests.swift in Sources */ = {isa = PBXBuildFile; fileRef = 21A1D53D2BAD9F23003377A1 /* TrinityWizardDemoTests.swift */; };
		21A1D5482BAD9F23003377A1 /* TrinityWizardDemoUITests.swift in Sources */ = {isa = PBXBuildFile; fileRef = 21A1D5472BAD9F23003377A1 /* TrinityWizardDemoUITests.swift */; };
		21A1D54A2BAD9F23003377A1 /* TrinityWizardDemoUITestsLaunchTests.swift in Sources */ = {isa = PBXBuildFile; fileRef = 21A1D5492BAD9F23003377A1 /* TrinityWizardDemoUITestsLaunchTests.swift */; };
		72A6870BD6E4FC165C2D51FF /* Pods_TrinityWizardDemo_TrinityWizardDemoUITests.framework in Frameworks */ = {isa = PBXBuildFile; fileRef = 57836BF147F5FFB437C8F58C /* Pods_TrinityWizardDemo_TrinityWizardDemoUITests.framework */; };
		73B4655839E0D3BAE84B1A2F /* Pods_TrinityWizardDemo.framework in Frameworks */ = {isa = PBXBuildFile; fileRef = A29807D5D222C6DEC0810100 /* Pods_TrinityWizardDemo.framework */; };
		86B4A33634C11B82133A9998 /* Pods_TrinityWizardDemoTests.framework in Frameworks */ = {isa = PBXBuildFile; fileRef = F28FC0B9736A5167C1E1C567 /* Pods_TrinityWizardDemoTests.framework */; };
/* End PBXBuildFile section */

/* Begin PBXContainerItemProxy section */
		21A1D53A2BAD9F23003377A1 /* PBXContainerItemProxy */ = {
			isa = PBXContainerItemProxy;
			containerPortal = 21A1D51B2BAD9F21003377A1 /* Project object */;
			proxyType = 1;
			remoteGlobalIDString = 21A1D5222BAD9F21003377A1;
			remoteInfo = TrinityWizardDemo;
		};
		21A1D5442BAD9F23003377A1 /* PBXContainerItemProxy */ = {
			isa = PBXContainerItemProxy;
			containerPortal = 21A1D51B2BAD9F21003377A1 /* Project object */;
			proxyType = 1;
			remoteGlobalIDString = 21A1D5222BAD9F21003377A1;
			remoteInfo = TrinityWizardDemo;
		};
/* End PBXContainerItemProxy section */

/* Begin PBXFileReference section */
		21A1D5232BAD9F21003377A1 /* TrinityWizardDemo.app */ = {isa = PBXFileReference; explicitFileType = wrapper.application; includeInIndex = 0; path = TrinityWizardDemo.app; sourceTree = BUILT_PRODUCTS_DIR; };
		21A1D5262BAD9F21003377A1 /* AppDelegate.swift */ = {isa = PBXFileReference; lastKnownFileType = sourcecode.swift; path = AppDelegate.swift; sourceTree = "<group>"; };
		21A1D5282BAD9F21003377A1 /* SceneDelegate.swift */ = {isa = PBXFileReference; lastKnownFileType = sourcecode.swift; path = SceneDelegate.swift; sourceTree = "<group>"; };
		21A1D52A2BAD9F21003377A1 /* ViewController.swift */ = {isa = PBXFileReference; lastKnownFileType = sourcecode.swift; path = ViewController.swift; sourceTree = "<group>"; };
		21A1D52D2BAD9F21003377A1 /* Base */ = {isa = PBXFileReference; lastKnownFileType = file.storyboard; name = Base; path = Base.lproj/Main.storyboard; sourceTree = "<group>"; };
		21A1D52F2BAD9F23003377A1 /* Assets.xcassets */ = {isa = PBXFileReference; lastKnownFileType = folder.assetcatalog; path = Assets.xcassets; sourceTree = "<group>"; };
		21A1D5322BAD9F23003377A1 /* Base */ = {isa = PBXFileReference; lastKnownFileType = file.storyboard; name = Base; path = Base.lproj/LaunchScreen.storyboard; sourceTree = "<group>"; };
		21A1D5342BAD9F23003377A1 /* Info.plist */ = {isa = PBXFileReference; lastKnownFileType = text.plist.xml; path = Info.plist; sourceTree = "<group>"; };
		21A1D5392BAD9F23003377A1 /* TrinityWizardDemoTests.xctest */ = {isa = PBXFileReference; explicitFileType = wrapper.cfbundle; includeInIndex = 0; path = TrinityWizardDemoTests.xctest; sourceTree = BUILT_PRODUCTS_DIR; };
		21A1D53D2BAD9F23003377A1 /* TrinityWizardDemoTests.swift */ = {isa = PBXFileReference; lastKnownFileType = sourcecode.swift; path = TrinityWizardDemoTests.swift; sourceTree = "<group>"; };
		21A1D5432BAD9F23003377A1 /* TrinityWizardDemoUITests.xctest */ = {isa = PBXFileReference; explicitFileType = wrapper.cfbundle; includeInIndex = 0; path = TrinityWizardDemoUITests.xctest; sourceTree = BUILT_PRODUCTS_DIR; };
		21A1D5472BAD9F23003377A1 /* TrinityWizardDemoUITests.swift */ = {isa = PBXFileReference; lastKnownFileType = sourcecode.swift; path = TrinityWizardDemoUITests.swift; sourceTree = "<group>"; };
		21A1D5492BAD9F23003377A1 /* TrinityWizardDemoUITestsLaunchTests.swift */ = {isa = PBXFileReference; lastKnownFileType = sourcecode.swift; path = TrinityWizardDemoUITestsLaunchTests.swift; sourceTree = "<group>"; };
		23137D2A7087A8071B1ABF8E /* Pods-TrinityWizardDemo.debug.xcconfig */ = {isa = PBXFileReference; includeInIndex = 1; lastKnownFileType = text.xcconfig; name = "Pods-TrinityWizardDemo.debug.xcconfig"; path = "Target Support Files/Pods-TrinityWizardDemo/Pods-TrinityWizardDemo.debug.xcconfig"; sourceTree = "<group>"; };
		55E7D86D091A1AC73660A064 /* Pods-TrinityWizardDemo.release.xcconfig */ = {isa = PBXFileReference; includeInIndex = 1; lastKnownFileType = text.xcconfig; name = "Pods-TrinityWizardDemo.release.xcconfig"; path = "Target Support Files/Pods-TrinityWizardDemo/Pods-TrinityWizardDemo.release.xcconfig"; sourceTree = "<group>"; };
		57836BF147F5FFB437C8F58C /* Pods_TrinityWizardDemo_TrinityWizardDemoUITests.framework */ = {isa = PBXFileReference; explicitFileType = wrapper.framework; includeInIndex = 0; path = Pods_TrinityWizardDemo_TrinityWizardDemoUITests.framework; sourceTree = BUILT_PRODUCTS_DIR; };
		80FFF3C98C0AA60846A73C2F /* Pods-TrinityWizardDemoTests.debug.xcconfig */ = {isa = PBXFileReference; includeInIndex = 1; lastKnownFileType = text.xcconfig; name = "Pods-TrinityWizardDemoTests.debug.xcconfig"; path = "Target Support Files/Pods-TrinityWizardDemoTests/Pods-TrinityWizardDemoTests.debug.xcconfig"; sourceTree = "<group>"; };
		8CA3B78F17A861EFA6C6A058 /* Pods-TrinityWizardDemo-TrinityWizardDemoUITests.debug.xcconfig */ = {isa = PBXFileReference; includeInIndex = 1; lastKnownFileType = text.xcconfig; name = "Pods-TrinityWizardDemo-TrinityWizardDemoUITests.debug.xcconfig"; path = "Target Support Files/Pods-TrinityWizardDemo-TrinityWizardDemoUITests/Pods-TrinityWizardDemo-TrinityWizardDemoUITests.debug.xcconfig"; sourceTree = "<group>"; };
		9E596379C63181485A437050 /* Pods-TrinityWizardDemoTests.release.xcconfig */ = {isa = PBXFileReference; includeInIndex = 1; lastKnownFileType = text.xcconfig; name = "Pods-TrinityWizardDemoTests.release.xcconfig"; path = "Target Support Files/Pods-TrinityWizardDemoTests/Pods-TrinityWizardDemoTests.release.xcconfig"; sourceTree = "<group>"; };
		A102067EEE3E5438ED6D1BF7 /* Pods-TrinityWizardDemo-TrinityWizardDemoUITests.release.xcconfig */ = {isa = PBXFileReference; includeInIndex = 1; lastKnownFileType = text.xcconfig; name = "Pods-TrinityWizardDemo-TrinityWizardDemoUITests.release.xcconfig"; path = "Target Support Files/Pods-TrinityWizardDemo-TrinityWizardDemoUITests/Pods-TrinityWizardDemo-TrinityWizardDemoUITests.release.xcconfig"; sourceTree = "<group>"; };
		A29807D5D222C6DEC0810100 /* Pods_TrinityWizardDemo.framework */ = {isa = PBXFileReference; explicitFileType = wrapper.framework; includeInIndex = 0; path = Pods_TrinityWizardDemo.framework; sourceTree = BUILT_PRODUCTS_DIR; };
		F28FC0B9736A5167C1E1C567 /* Pods_TrinityWizardDemoTests.framework */ = {isa = PBXFileReference; explicitFileType = wrapper.framework; includeInIndex = 0; path = Pods_TrinityWizardDemoTests.framework; sourceTree = BUILT_PRODUCTS_DIR; };
/* End PBXFileReference section */

/* Begin PBXFrameworksBuildPhase section */
		21A1D5202BAD9F21003377A1 /* Frameworks */ = {
			isa = PBXFrameworksBuildPhase;
			buildActionMask = 2147483647;
			files = (
				73B4655839E0D3BAE84B1A2F /* Pods_TrinityWizardDemo.framework in Frameworks */,
			);
			runOnlyForDeploymentPostprocessing = 0;
		};
		21A1D5362BAD9F23003377A1 /* Frameworks */ = {
			isa = PBXFrameworksBuildPhase;
			buildActionMask = 2147483647;
			files = (
				86B4A33634C11B82133A9998 /* Pods_TrinityWizardDemoTests.framework in Frameworks */,
			);
			runOnlyForDeploymentPostprocessing = 0;
		};
		21A1D5402BAD9F23003377A1 /* Frameworks */ = {
			isa = PBXFrameworksBuildPhase;
			buildActionMask = 2147483647;
			files = (
				72A6870BD6E4FC165C2D51FF /* Pods_TrinityWizardDemo_TrinityWizardDemoUITests.framework in Frameworks */,
			);
			runOnlyForDeploymentPostprocessing = 0;
		};
/* End PBXFrameworksBuildPhase section */

/* Begin PBXGroup section */
		0AB38472D91E329214E8FCDD /* Frameworks */ = {
			isa = PBXGroup;
			children = (
				A29807D5D222C6DEC0810100 /* Pods_TrinityWizardDemo.framework */,
				57836BF147F5FFB437C8F58C /* Pods_TrinityWizardDemo_TrinityWizardDemoUITests.framework */,
				F28FC0B9736A5167C1E1C567 /* Pods_TrinityWizardDemoTests.framework */,
			);
			name = Frameworks;
			sourceTree = "<group>";
		};
		1D23C3DF6E6E1D72B1B4D81A /* Pods */ = {
			isa = PBXGroup;
			children = (
				23137D2A7087A8071B1ABF8E /* Pods-TrinityWizardDemo.debug.xcconfig */,
				55E7D86D091A1AC73660A064 /* Pods-TrinityWizardDemo.release.xcconfig */,
				8CA3B78F17A861EFA6C6A058 /* Pods-TrinityWizardDemo-TrinityWizardDemoUITests.debug.xcconfig */,
				A102067EEE3E5438ED6D1BF7 /* Pods-TrinityWizardDemo-TrinityWizardDemoUITests.release.xcconfig */,
				80FFF3C98C0AA60846A73C2F /* Pods-TrinityWizardDemoTests.debug.xcconfig */,
				9E596379C63181485A437050 /* Pods-TrinityWizardDemoTests.release.xcconfig */,
			);
			name = Pods;
			path = Pods;
			sourceTree = "<group>";
		};
		21A1D51A2BAD9F21003377A1 = {
			isa = PBXGroup;
			children = (
				21A1D5252BAD9F21003377A1 /* TrinityWizardDemo */,
				21A1D53C2BAD9F23003377A1 /* TrinityWizardDemoTests */,
				21A1D5462BAD9F23003377A1 /* TrinityWizardDemoUITests */,
				21A1D5242BAD9F21003377A1 /* Products */,
				1D23C3DF6E6E1D72B1B4D81A /* Pods */,
				0AB38472D91E329214E8FCDD /* Frameworks */,
			);
			sourceTree = "<group>";
		};
		21A1D5242BAD9F21003377A1 /* Products */ = {
			isa = PBXGroup;
			children = (
				21A1D5232BAD9F21003377A1 /* TrinityWizardDemo.app */,
				21A1D5392BAD9F23003377A1 /* TrinityWizardDemoTests.xctest */,
				21A1D5432BAD9F23003377A1 /* TrinityWizardDemoUITests.xctest */,
			);
			name = Products;
			sourceTree = "<group>";
		};
		21A1D5252BAD9F21003377A1 /* TrinityWizardDemo */ = {
			isa = PBXGroup;
			children = (
				21A1D5262BAD9F21003377A1 /* AppDelegate.swift */,
				21A1D5282BAD9F21003377A1 /* SceneDelegate.swift */,
				21A1D52A2BAD9F21003377A1 /* ViewController.swift */,
				21A1D52C2BAD9F21003377A1 /* Main.storyboard */,
				21A1D52F2BAD9F23003377A1 /* Assets.xcassets */,
				21A1D5312BAD9F23003377A1 /* LaunchScreen.storyboard */,
				21A1D5342BAD9F23003377A1 /* Info.plist */,
			);
			path = TrinityWizardDemo;
			sourceTree = "<group>";
		};
		21A1D53C2BAD9F23003377A1 /* TrinityWizardDemoTests */ = {
			isa = PBXGroup;
			children = (
				21A1D53D2BAD9F23003377A1 /* TrinityWizardDemoTests.swift */,
			);
			path = TrinityWizardDemoTests;
			sourceTree = "<group>";
		};
		21A1D5462BAD9F23003377A1 /* TrinityWizardDemoUITests */ = {
			isa = PBXGroup;
			children = (
				21A1D5472BAD9F23003377A1 /* TrinityWizardDemoUITests.swift */,
				21A1D5492BAD9F23003377A1 /* TrinityWizardDemoUITestsLaunchTests.swift */,
			);
			path = TrinityWizardDemoUITests;
			sourceTree = "<group>";
		};
/* End PBXGroup section */

/* Begin PBXNativeTarget section */
		21A1D5222BAD9F21003377A1 /* TrinityWizardDemo */ = {
			isa = PBXNativeTarget;
			buildConfigurationList = 21A1D54D2BAD9F23003377A1 /* Build configuration list for PBXNativeTarget "TrinityWizardDemo" */;
			buildPhases = (
				B7D1202231501274B20CE51C /* [CP] Check Pods Manifest.lock */,
				21A1D51F2BAD9F21003377A1 /* Sources */,
				21A1D5202BAD9F21003377A1 /* Frameworks */,
				21A1D5212BAD9F21003377A1 /* Resources */,
			);
			buildRules = (
			);
			dependencies = (
			);
			name = TrinityWizardDemo;
			productName = TrinityWizardDemo;
			productReference = 21A1D5232BAD9F21003377A1 /* TrinityWizardDemo.app */;
			productType = "com.apple.product-type.application";
		};
		21A1D5382BAD9F23003377A1 /* TrinityWizardDemoTests */ = {
			isa = PBXNativeTarget;
			buildConfigurationList = 21A1D5502BAD9F23003377A1 /* Build configuration list for PBXNativeTarget "TrinityWizardDemoTests" */;
			buildPhases = (
				AB2B785C6916A747B96ECB43 /* [CP] Check Pods Manifest.lock */,
				21A1D5352BAD9F23003377A1 /* Sources */,
				21A1D5362BAD9F23003377A1 /* Frameworks */,
				21A1D5372BAD9F23003377A1 /* Resources */,
			);
			buildRules = (
			);
			dependencies = (
				21A1D53B2BAD9F23003377A1 /* PBXTargetDependency */,
			);
			name = TrinityWizardDemoTests;
			productName = TrinityWizardDemoTests;
			productReference = 21A1D5392BAD9F23003377A1 /* TrinityWizardDemoTests.xctest */;
			productType = "com.apple.product-type.bundle.unit-test";
		};
		21A1D5422BAD9F23003377A1 /* TrinityWizardDemoUITests */ = {
			isa = PBXNativeTarget;
			buildConfigurationList = 21A1D5532BAD9F23003377A1 /* Build configuration list for PBXNativeTarget "TrinityWizardDemoUITests" */;
			buildPhases = (
				AD4A593864AF10F6350B1292 /* [CP] Check Pods Manifest.lock */,
				21A1D53F2BAD9F23003377A1 /* Sources */,
				21A1D5402BAD9F23003377A1 /* Frameworks */,
				21A1D5412BAD9F23003377A1 /* Resources */,
			);
			buildRules = (
			);
			dependencies = (
				21A1D5452BAD9F23003377A1 /* PBXTargetDependency */,
			);
			name = TrinityWizardDemoUITests;
			productName = TrinityWizardDemoUITests;
			productReference = 21A1D5432BAD9F23003377A1 /* TrinityWizardDemoUITests.xctest */;
			productType = "com.apple.product-type.bundle.ui-testing";
		};
/* End PBXNativeTarget section */

/* Begin PBXProject section */
		21A1D51B2BAD9F21003377A1 /* Project object */ = {
			isa = PBXProject;
			attributes = {
				BuildIndependentTargetsInParallel = 1;
				LastSwiftUpdateCheck = 1520;
				LastUpgradeCheck = 1520;
				TargetAttributes = {
					21A1D5222BAD9F21003377A1 = {
						CreatedOnToolsVersion = 15.2;
					};
					21A1D5382BAD9F23003377A1 = {
						CreatedOnToolsVersion = 15.2;
						TestTargetID = 21A1D5222BAD9F21003377A1;
					};
					21A1D5422BAD9F23003377A1 = {
						CreatedOnToolsVersion = 15.2;
						TestTargetID = 21A1D5222BAD9F21003377A1;
					};
				};
			};
			buildConfigurationList = 21A1D51E2BAD9F21003377A1 /* Build configuration list for PBXProject "TrinityWizardDemo" */;
			compatibilityVersion = "Xcode 14.0";
			developmentRegion = en;
			hasScannedForEncodings = 0;
			knownRegions = (
				en,
				Base,
			);
			mainGroup = 21A1D51A2BAD9F21003377A1;
			productRefGroup = 21A1D5242BAD9F21003377A1 /* Products */;
			projectDirPath = "";
			projectRoot = "";
			targets = (
				21A1D5222BAD9F21003377A1 /* TrinityWizardDemo */,
				21A1D5382BAD9F23003377A1 /* TrinityWizardDemoTests */,
				21A1D5422BAD9F23003377A1 /* TrinityWizardDemoUITests */,
			);
		};
/* End PBXProject section */

/* Begin PBXResourcesBuildPhase section */
		21A1D5212BAD9F21003377A1 /* Resources */ = {
			isa = PBXResourcesBuildPhase;
			buildActionMask = 2147483647;
			files = (
				21A1D5332BAD9F23003377A1 /* LaunchScreen.storyboard in Resources */,
				21A1D5302BAD9F23003377A1 /* Assets.xcassets in Resources */,
				21A1D52E2BAD9F21003377A1 /* Main.storyboard in Resources */,
			);
			runOnlyForDeploymentPostprocessing = 0;
		};
		21A1D5372BAD9F23003377A1 /* Resources */ = {
			isa = PBXResourcesBuildPhase;
			buildActionMask = 2147483647;
			files = (
			);
			runOnlyForDeploymentPostprocessing = 0;
		};
		21A1D5412BAD9F23003377A1 /* Resources */ = {
			isa = PBXResourcesBuildPhase;
			buildActionMask = 2147483647;
			files = (
			);
			runOnlyForDeploymentPostprocessing = 0;
		};
/* End PBXResourcesBuildPhase section */

/* Begin PBXShellScriptBuildPhase section */
		AB2B785C6916A747B96ECB43 /* [CP] Check Pods Manifest.lock */ = {
			isa = PBXShellScriptBuildPhase;
			buildActionMask = 2147483647;
			files = (
			);
			inputFileListPaths = (
			);
			inputPaths = (
				"${PODS_PODFILE_DIR_PATH}/Podfile.lock",
				"${PODS_ROOT}/Manifest.lock",
			);
			name = "[CP] Check Pods Manifest.lock";
			outputFileListPaths = (
			);
			outputPaths = (
				"$(DERIVED_FILE_DIR)/Pods-TrinityWizardDemoTests-checkManifestLockResult.txt",
			);
			runOnlyForDeploymentPostprocessing = 0;
			shellPath = /bin/sh;
			shellScript = "diff \"${PODS_PODFILE_DIR_PATH}/Podfile.lock\" \"${PODS_ROOT}/Manifest.lock\" > /dev/null\nif [ $? != 0 ] ; then\n    # print error to STDERR\n    echo \"error: The sandbox is not in sync with the Podfile.lock. Run 'pod install' or update your CocoaPods installation.\" >&2\n    exit 1\nfi\n# This output is used by Xcode 'outputs' to avoid re-running this script phase.\necho \"SUCCESS\" > \"${SCRIPT_OUTPUT_FILE_0}\"\n";
			showEnvVarsInLog = 0;
		};
		AD4A593864AF10F6350B1292 /* [CP] Check Pods Manifest.lock */ = {
			isa = PBXShellScriptBuildPhase;
			buildActionMask = 2147483647;
			files = (
			);
			inputFileListPaths = (
			);
			inputPaths = (
				"${PODS_PODFILE_DIR_PATH}/Podfile.lock",
				"${PODS_ROOT}/Manifest.lock",
			);
			name = "[CP] Check Pods Manifest.lock";
			outputFileListPaths = (
			);
			outputPaths = (
				"$(DERIVED_FILE_DIR)/Pods-TrinityWizardDemo-TrinityWizardDemoUITests-checkManifestLockResult.txt",
			);
			runOnlyForDeploymentPostprocessing = 0;
			shellPath = /bin/sh;
			shellScript = "diff \"${PODS_PODFILE_DIR_PATH}/Podfile.lock\" \"${PODS_ROOT}/Manifest.lock\" > /dev/null\nif [ $? != 0 ] ; then\n    # print error to STDERR\n    echo \"error: The sandbox is not in sync with the Podfile.lock. Run 'pod install' or update your CocoaPods installation.\" >&2\n    exit 1\nfi\n# This output is used by Xcode 'outputs' to avoid re-running this script phase.\necho \"SUCCESS\" > \"${SCRIPT_OUTPUT_FILE_0}\"\n";
			showEnvVarsInLog = 0;
		};
		B7D1202231501274B20CE51C /* [CP] Check Pods Manifest.lock */ = {
			isa = PBXShellScriptBuildPhase;
			buildActionMask = 2147483647;
			files = (
			);
			inputFileListPaths = (
			);
			inputPaths = (
				"${PODS_PODFILE_DIR_PATH}/Podfile.lock",
				"${PODS_ROOT}/Manifest.lock",
			);
			name = "[CP] Check Pods Manifest.lock";
			outputFileListPaths = (
			);
			outputPaths = (
				"$(DERIVED_FILE_DIR)/Pods-TrinityWizardDemo-checkManifestLockResult.txt",
			);
			runOnlyForDeploymentPostprocessing = 0;
			shellPath = /bin/sh;
			shellScript = "diff \"${PODS_PODFILE_DIR_PATH}/Podfile.lock\" \"${PODS_ROOT}/Manifest.lock\" > /dev/null\nif [ $? != 0 ] ; then\n    # print error to STDERR\n    echo \"error: The sandbox is not in sync with the Podfile.lock. Run 'pod install' or update your CocoaPods installation.\" >&2\n    exit 1\nfi\n# This output is used by Xcode 'outputs' to avoid re-running this script phase.\necho \"SUCCESS\" > \"${SCRIPT_OUTPUT_FILE_0}\"\n";
			showEnvVarsInLog = 0;
		};
/* End PBXShellScriptBuildPhase section */

/* Begin PBXSourcesBuildPhase section */
		21A1D51F2BAD9F21003377A1 /* Sources */ = {
			isa = PBXSourcesBuildPhase;
			buildActionMask = 2147483647;
			files = (
				21A1D52B2BAD9F21003377A1 /* ViewController.swift in Sources */,
				21A1D5272BAD9F21003377A1 /* AppDelegate.swift in Sources */,
				21A1D5292BAD9F21003377A1 /* SceneDelegate.swift in Sources */,
			);
			runOnlyForDeploymentPostprocessing = 0;
		};
		21A1D5352BAD9F23003377A1 /* Sources */ = {
			isa = PBXSourcesBuildPhase;
			buildActionMask = 2147483647;
			files = (
				21A1D53E2BAD9F23003377A1 /* TrinityWizardDemoTests.swift in Sources */,
			);
			runOnlyForDeploymentPostprocessing = 0;
		};
		21A1D53F2BAD9F23003377A1 /* Sources */ = {
			isa = PBXSourcesBuildPhase;
			buildActionMask = 2147483647;
			files = (
				21A1D54A2BAD9F23003377A1 /* TrinityWizardDemoUITestsLaunchTests.swift in Sources */,
				21A1D5482BAD9F23003377A1 /* TrinityWizardDemoUITests.swift in Sources */,
			);
			runOnlyForDeploymentPostprocessing = 0;
		};
/* End PBXSourcesBuildPhase section */

/* Begin PBXTargetDependency section */
		21A1D53B2BAD9F23003377A1 /* PBXTargetDependency */ = {
			isa = PBXTargetDependency;
			target = 21A1D5222BAD9F21003377A1 /* TrinityWizardDemo */;
			targetProxy = 21A1D53A2BAD9F23003377A1 /* PBXContainerItemProxy */;
		};
		21A1D5452BAD9F23003377A1 /* PBXTargetDependency */ = {
			isa = PBXTargetDependency;
			target = 21A1D5222BAD9F21003377A1 /* TrinityWizardDemo */;
			targetProxy = 21A1D5442BAD9F23003377A1 /* PBXContainerItemProxy */;
		};
/* End PBXTargetDependency section */

/* Begin PBXVariantGroup section */
		21A1D52C2BAD9F21003377A1 /* Main.storyboard */ = {
			isa = PBXVariantGroup;
			children = (
				21A1D52D2BAD9F21003377A1 /* Base */,
			);
			name = Main.storyboard;
			sourceTree = "<group>";
		};
		21A1D5312BAD9F23003377A1 /* LaunchScreen.storyboard */ = {
			isa = PBXVariantGroup;
			children = (
				21A1D5322BAD9F23003377A1 /* Base */,
			);
			name = LaunchScreen.storyboard;
			sourceTree = "<group>";
		};
/* End PBXVariantGroup section */

/* Begin XCBuildConfiguration section */
		21A1D54B2BAD9F23003377A1 /* Debug */ = {
			isa = XCBuildConfiguration;
			buildSettings = {
				ALWAYS_SEARCH_USER_PATHS = NO;
				ASSETCATALOG_COMPILER_GENERATE_SWIFT_ASSET_SYMBOL_EXTENSIONS = YES;
				CLANG_ANALYZER_NONNULL = YES;
				CLANG_ANALYZER_NUMBER_OBJECT_CONVERSION = YES_AGGRESSIVE;
				CLANG_CXX_LANGUAGE_STANDARD = "gnu++20";
				CLANG_ENABLE_MODULES = YES;
				CLANG_ENABLE_OBJC_ARC = YES;
				CLANG_ENABLE_OBJC_WEAK = YES;
				CLANG_WARN_BLOCK_CAPTURE_AUTORELEASING = YES;
				CLANG_WARN_BOOL_CONVERSION = YES;
				CLANG_WARN_COMMA = YES;
				CLANG_WARN_CONSTANT_CONVERSION = YES;
				CLANG_WARN_DEPRECATED_OBJC_IMPLEMENTATIONS = YES;
				CLANG_WARN_DIRECT_OBJC_ISA_USAGE = YES_ERROR;
				CLANG_WARN_DOCUMENTATION_COMMENTS = YES;
				CLANG_WARN_EMPTY_BODY = YES;
				CLANG_WARN_ENUM_CONVERSION = YES;
				CLANG_WARN_INFINITE_RECURSION = YES;
				CLANG_WARN_INT_CONVERSION = YES;
				CLANG_WARN_NON_LITERAL_NULL_CONVERSION = YES;
				CLANG_WARN_OBJC_IMPLICIT_RETAIN_SELF = YES;
				CLANG_WARN_OBJC_LITERAL_CONVERSION = YES;
				CLANG_WARN_OBJC_ROOT_CLASS = YES_ERROR;
				CLANG_WARN_QUOTED_INCLUDE_IN_FRAMEWORK_HEADER = YES;
				CLANG_WARN_RANGE_LOOP_ANALYSIS = YES;
				CLANG_WARN_STRICT_PROTOTYPES = YES;
				CLANG_WARN_SUSPICIOUS_MOVE = YES;
				CLANG_WARN_UNGUARDED_AVAILABILITY = YES_AGGRESSIVE;
				CLANG_WARN_UNREACHABLE_CODE = YES;
				CLANG_WARN__DUPLICATE_METHOD_MATCH = YES;
				COPY_PHASE_STRIP = NO;
				DEBUG_INFORMATION_FORMAT = dwarf;
				ENABLE_STRICT_OBJC_MSGSEND = YES;
				ENABLE_TESTABILITY = YES;
				ENABLE_USER_SCRIPT_SANDBOXING = YES;
				GCC_C_LANGUAGE_STANDARD = gnu17;
				GCC_DYNAMIC_NO_PIC = NO;
				GCC_NO_COMMON_BLOCKS = YES;
				GCC_OPTIMIZATION_LEVEL = 0;
				GCC_PREPROCESSOR_DEFINITIONS = (
					"DEBUG=1",
					"$(inherited)",
				);
				GCC_WARN_64_TO_32_BIT_CONVERSION = YES;
				GCC_WARN_ABOUT_RETURN_TYPE = YES_ERROR;
				GCC_WARN_UNDECLARED_SELECTOR = YES;
				GCC_WARN_UNINITIALIZED_AUTOS = YES_AGGRESSIVE;
				GCC_WARN_UNUSED_FUNCTION = YES;
				GCC_WARN_UNUSED_VARIABLE = YES;
				IPHONEOS_DEPLOYMENT_TARGET = 17.2;
				LOCALIZATION_PREFERS_STRING_CATALOGS = YES;
				MTL_ENABLE_DEBUG_INFO = INCLUDE_SOURCE;
				MTL_FAST_MATH = YES;
				ONLY_ACTIVE_ARCH = YES;
				SDKROOT = iphoneos;
				SWIFT_ACTIVE_COMPILATION_CONDITIONS = "DEBUG $(inherited)";
				SWIFT_OPTIMIZATION_LEVEL = "-Onone";
			};
			name = Debug;
		};
		21A1D54C2BAD9F23003377A1 /* Release */ = {
			isa = XCBuildConfiguration;
			buildSettings = {
				ALWAYS_SEARCH_USER_PATHS = NO;
				ASSETCATALOG_COMPILER_GENERATE_SWIFT_ASSET_SYMBOL_EXTENSIONS = YES;
				CLANG_ANALYZER_NONNULL = YES;
				CLANG_ANALYZER_NUMBER_OBJECT_CONVERSION = YES_AGGRESSIVE;
				CLANG_CXX_LANGUAGE_STANDARD = "gnu++20";
				CLANG_ENABLE_MODULES = YES;
				CLANG_ENABLE_OBJC_ARC = YES;
				CLANG_ENABLE_OBJC_WEAK = YES;
				CLANG_WARN_BLOCK_CAPTURE_AUTORELEASING = YES;
				CLANG_WARN_BOOL_CONVERSION = YES;
				CLANG_WARN_COMMA = YES;
				CLANG_WARN_CONSTANT_CONVERSION = YES;
				CLANG_WARN_DEPRECATED_OBJC_IMPLEMENTATIONS = YES;
				CLANG_WARN_DIRECT_OBJC_ISA_USAGE = YES_ERROR;
				CLANG_WARN_DOCUMENTATION_COMMENTS = YES;
				CLANG_WARN_EMPTY_BODY = YES;
				CLANG_WARN_ENUM_CONVERSION = YES;
				CLANG_WARN_INFINITE_RECURSION = YES;
				CLANG_WARN_INT_CONVERSION = YES;
				CLANG_WARN_NON_LITERAL_NULL_CONVERSION = YES;
				CLANG_WARN_OBJC_IMPLICIT_RETAIN_SELF = YES;
				CLANG_WARN_OBJC_LITERAL_CONVERSION = YES;
				CLANG_WARN_OBJC_ROOT_CLASS = YES_ERROR;
				CLANG_WARN_QUOTED_INCLUDE_IN_FRAMEWORK_HEADER = YES;
				CLANG_WARN_RANGE_LOOP_ANALYSIS = YES;
				CLANG_WARN_STRICT_PROTOTYPES = YES;
				CLANG_WARN_SUSPICIOUS_MOVE = YES;
				CLANG_WARN_UNGUARDED_AVAILABILITY = YES_AGGRESSIVE;
				CLANG_WARN_UNREACHABLE_CODE = YES;
				CLANG_WARN__DUPLICATE_METHOD_MATCH = YES;
				COPY_PHASE_STRIP = NO;
				DEBUG_INFORMATION_FORMAT = "dwarf-with-dsym";
				ENABLE_NS_ASSERTIONS = NO;
				ENABLE_STRICT_OBJC_MSGSEND = YES;
				ENABLE_USER_SCRIPT_SANDBOXING = YES;
				GCC_C_LANGUAGE_STANDARD = gnu17;
				GCC_NO_COMMON_BLOCKS = YES;
				GCC_WARN_64_TO_32_BIT_CONVERSION = YES;
				GCC_WARN_ABOUT_RETURN_TYPE = YES_ERROR;
				GCC_WARN_UNDECLARED_SELECTOR = YES;
				GCC_WARN_UNINITIALIZED_AUTOS = YES_AGGRESSIVE;
				GCC_WARN_UNUSED_FUNCTION = YES;
				GCC_WARN_UNUSED_VARIABLE = YES;
				IPHONEOS_DEPLOYMENT_TARGET = 17.2;
				LOCALIZATION_PREFERS_STRING_CATALOGS = YES;
				MTL_ENABLE_DEBUG_INFO = NO;
				MTL_FAST_MATH = YES;
				SDKROOT = iphoneos;
				SWIFT_COMPILATION_MODE = wholemodule;
				VALIDATE_PRODUCT = YES;
			};
			name = Release;
		};
		21A1D54E2BAD9F23003377A1 /* Debug */ = {
			isa = XCBuildConfiguration;
			baseConfigurationReference = 23137D2A7087A8071B1ABF8E /* Pods-TrinityWizardDemo.debug.xcconfig */;
			buildSettings = {
				ASSETCATALOG_COMPILER_APPICON_NAME = AppIcon;
				ASSETCATALOG_COMPILER_GLOBAL_ACCENT_COLOR_NAME = AccentColor;
				CODE_SIGN_STYLE = Automatic;
				CURRENT_PROJECT_VERSION = 1;
				DEVELOPMENT_TEAM = C93699V56Q;
				GENERATE_INFOPLIST_FILE = YES;
				INFOPLIST_FILE = TrinityWizardDemo/Info.plist;
				INFOPLIST_KEY_UIApplicationSupportsIndirectInputEvents = YES;
				INFOPLIST_KEY_UILaunchStoryboardName = LaunchScreen;
				INFOPLIST_KEY_UIMainStoryboardFile = Main;
				INFOPLIST_KEY_UISupportedInterfaceOrientations_iPad = "UIInterfaceOrientationPortrait UIInterfaceOrientationPortraitUpsideDown UIInterfaceOrientationLandscapeLeft UIInterfaceOrientationLandscapeRight";
				INFOPLIST_KEY_UISupportedInterfaceOrientations_iPhone = "UIInterfaceOrientationPortrait UIInterfaceOrientationLandscapeLeft UIInterfaceOrientationLandscapeRight";
				LD_RUNPATH_SEARCH_PATHS = (
					"$(inherited)",
					"@executable_path/Frameworks",
				);
				MARKETING_VERSION = 1.0;
				PRODUCT_BUNDLE_IDENTIFIER = com.TrinityWizardDemo;
				PRODUCT_NAME = "$(TARGET_NAME)";
				SWIFT_EMIT_LOC_STRINGS = YES;
				SWIFT_VERSION = 5.0;
				TARGETED_DEVICE_FAMILY = "1,2";
			};
			name = Debug;
		};
		21A1D54F2BAD9F23003377A1 /* Release */ = {
			isa = XCBuildConfiguration;
			baseConfigurationReference = 55E7D86D091A1AC73660A064 /* Pods-TrinityWizardDemo.release.xcconfig */;
			buildSettings = {
				ASSETCATALOG_COMPILER_APPICON_NAME = AppIcon;
				ASSETCATALOG_COMPILER_GLOBAL_ACCENT_COLOR_NAME = AccentColor;
				CODE_SIGN_STYLE = Automatic;
				CURRENT_PROJECT_VERSION = 1;
				DEVELOPMENT_TEAM = C93699V56Q;
				GENERATE_INFOPLIST_FILE = YES;
				INFOPLIST_FILE = TrinityWizardDemo/Info.plist;
				INFOPLIST_KEY_UIApplicationSupportsIndirectInputEvents = YES;
				INFOPLIST_KEY_UILaunchStoryboardName = LaunchScreen;
				INFOPLIST_KEY_UIMainStoryboardFile = Main;
				INFOPLIST_KEY_UISupportedInterfaceOrientations_iPad = "UIInterfaceOrientationPortrait UIInterfaceOrientationPortraitUpsideDown UIInterfaceOrientationLandscapeLeft UIInterfaceOrientationLandscapeRight";
				INFOPLIST_KEY_UISupportedInterfaceOrientations_iPhone = "UIInterfaceOrientationPortrait UIInterfaceOrientationLandscapeLeft UIInterfaceOrientationLandscapeRight";
				LD_RUNPATH_SEARCH_PATHS = (
					"$(inherited)",
					"@executable_path/Frameworks",
				);
				MARKETING_VERSION = 1.0;
				PRODUCT_BUNDLE_IDENTIFIER = com.TrinityWizardDemo;
				PRODUCT_NAME = "$(TARGET_NAME)";
				SWIFT_EMIT_LOC_STRINGS = YES;
				SWIFT_VERSION = 5.0;
				TARGETED_DEVICE_FAMILY = "1,2";
			};
			name = Release;
		};
		21A1D5512BAD9F23003377A1 /* Debug */ = {
			isa = XCBuildConfiguration;
			baseConfigurationReference = 80FFF3C98C0AA60846A73C2F /* Pods-TrinityWizardDemoTests.debug.xcconfig */;
			buildSettings = {
				ALWAYS_EMBED_SWIFT_STANDARD_LIBRARIES = YES;
				BUNDLE_LOADER = "$(TEST_HOST)";
				CODE_SIGN_STYLE = Automatic;
				CURRENT_PROJECT_VERSION = 1;
				DEVELOPMENT_TEAM = C93699V56Q;
				GENERATE_INFOPLIST_FILE = YES;
				IPHONEOS_DEPLOYMENT_TARGET = 17.2;
				MARKETING_VERSION = 1.0;
				PRODUCT_BUNDLE_IDENTIFIER = com.TrinityWizardDemoTests;
				PRODUCT_NAME = "$(TARGET_NAME)";
				SWIFT_EMIT_LOC_STRINGS = NO;
				SWIFT_VERSION = 5.0;
				TARGETED_DEVICE_FAMILY = "1,2";
				TEST_HOST = "$(BUILT_PRODUCTS_DIR)/TrinityWizardDemo.app/$(BUNDLE_EXECUTABLE_FOLDER_PATH)/TrinityWizardDemo";
			};
			name = Debug;
		};
		21A1D5522BAD9F23003377A1 /* Release */ = {
			isa = XCBuildConfiguration;
			baseConfigurationReference = 9E596379C63181485A437050 /* Pods-TrinityWizardDemoTests.release.xcconfig */;
			buildSettings = {
				ALWAYS_EMBED_SWIFT_STANDARD_LIBRARIES = YES;
				BUNDLE_LOADER = "$(TEST_HOST)";
				CODE_SIGN_STYLE = Automatic;
				CURRENT_PROJECT_VERSION = 1;
				DEVELOPMENT_TEAM = C93699V56Q;
				GENERATE_INFOPLIST_FILE = YES;
				IPHONEOS_DEPLOYMENT_TARGET = 17.2;
				MARKETING_VERSION = 1.0;
				PRODUCT_BUNDLE_IDENTIFIER = com.TrinityWizardDemoTests;
				PRODUCT_NAME = "$(TARGET_NAME)";
				SWIFT_EMIT_LOC_STRINGS = NO;
				SWIFT_VERSION = 5.0;
				TARGETED_DEVICE_FAMILY = "1,2";
				TEST_HOST = "$(BUILT_PRODUCTS_DIR)/TrinityWizardDemo.app/$(BUNDLE_EXECUTABLE_FOLDER_PATH)/TrinityWizardDemo";
			};
			name = Release;
		};
		21A1D5542BAD9F23003377A1 /* Debug */ = {
			isa = XCBuildConfiguration;
			baseConfigurationReference = 8CA3B78F17A861EFA6C6A058 /* Pods-TrinityWizardDemo-TrinityWizardDemoUITests.debug.xcconfig */;
			buildSettings = {
				ALWAYS_EMBED_SWIFT_STANDARD_LIBRARIES = YES;
				CODE_SIGN_STYLE = Automatic;
				CURRENT_PROJECT_VERSION = 1;
				DEVELOPMENT_TEAM = C93699V56Q;
				GENERATE_INFOPLIST_FILE = YES;
				MARKETING_VERSION = 1.0;
				PRODUCT_BUNDLE_IDENTIFIER = com.TrinityWizardDemoUITests;
				PRODUCT_NAME = "$(TARGET_NAME)";
				SWIFT_EMIT_LOC_STRINGS = NO;
				SWIFT_VERSION = 5.0;
				TARGETED_DEVICE_FAMILY = "1,2";
				TEST_TARGET_NAME = TrinityWizardDemo;
			};
			name = Debug;
		};
		21A1D5552BAD9F23003377A1 /* Release */ = {
			isa = XCBuildConfiguration;
			baseConfigurationReference = A102067EEE3E5438ED6D1BF7 /* Pods-TrinityWizardDemo-TrinityWizardDemoUITests.release.xcconfig */;
			buildSettings = {
				ALWAYS_EMBED_SWIFT_STANDARD_LIBRARIES = YES;
				CODE_SIGN_STYLE = Automatic;
				CURRENT_PROJECT_VERSION = 1;
				DEVELOPMENT_TEAM = C93699V56Q;
				GENERATE_INFOPLIST_FILE = YES;
				MARKETING_VERSION = 1.0;
				PRODUCT_BUNDLE_IDENTIFIER = com.TrinityWizardDemoUITests;
				PRODUCT_NAME = "$(TARGET_NAME)";
				SWIFT_EMIT_LOC_STRINGS = NO;
				SWIFT_VERSION = 5.0;
				TARGETED_DEVICE_FAMILY = "1,2";
				TEST_TARGET_NAME = TrinityWizardDemo;
			};
			name = Release;
		};
/* End XCBuildConfiguration section */

/* Begin XCConfigurationList section */
		21A1D51E2BAD9F21003377A1 /* Build configuration list for PBXProject "TrinityWizardDemo" */ = {
			isa = XCConfigurationList;
			buildConfigurations = (
				21A1D54B2BAD9F23003377A1 /* Debug */,
				21A1D54C2BAD9F23003377A1 /* Release */,
			);
			defaultConfigurationIsVisible = 0;
			defaultConfigurationName = Release;
		};
		21A1D54D2BAD9F23003377A1 /* Build configuration list for PBXNativeTarget "TrinityWizardDemo" */ = {
			isa = XCConfigurationList;
			buildConfigurations = (
				21A1D54E2BAD9F23003377A1 /* Debug */,
				21A1D54F2BAD9F23003377A1 /* Release */,
			);
			defaultConfigurationIsVisible = 0;
			defaultConfigurationName = Release;
		};
		21A1D5502BAD9F23003377A1 /* Build configuration list for PBXNativeTarget "TrinityWizardDemoTests" */ = {
			isa = XCConfigurationList;
			buildConfigurations = (
				21A1D5512BAD9F23003377A1 /* Debug */,
				21A1D5522BAD9F23003377A1 /* Release */,
			);
			defaultConfigurationIsVisible = 0;
			defaultConfigurationName = Release;
		};
		21A1D5532BAD9F23003377A1 /* Build configuration list for PBXNativeTarget "TrinityWizardDemoUITests" */ = {
			isa = XCConfigurationList;
			buildConfigurations = (
				21A1D5542BAD9F23003377A1 /* Debug */,
				21A1D5552BAD9F23003377A1 /* Release */,
			);
			defaultConfigurationIsVisible = 0;
			defaultConfigurationName = Release;
		};
/* End XCConfigurationList section */
	};
	rootObject = 21A1D51B2BAD9F21003377A1 /* Project object */;
}
